hash: b2d10373f8c827f4197fb4d4f3f6ad896f96de7893c68c3cec0495b15df086aa
updated: 2017-03-10T09:31:12.308321269+01:00
imports:
- name: github.com/mattn/go-runewidth
  version: d6bea18f789704b5f83375793155289da36a3c7f
- name: github.com/olekukonko/tablewriter
  version: febf2d34b54a69ce7530036c7503b1c9fbfdf0bb
testImports: []
